// !$*UTF8*$!
{
	archiveVersion = 1;
	classes = {
	};
	objectVersion = 50;
	objects = {

/* Begin PBXBuildFile section */
		CB8D15FF2244C90F00242FA1 /* AppDelegate.m in Sources */ = {isa = PBXBuildFile; fileRef = CB8D15FE2244C90F00242FA1 /* AppDelegate.m */; };
		CB8D16022244C90F00242FA1 /* ViewController.m in Sources */ = {isa = PBXBuildFile; fileRef = CB8D16012244C90F00242FA1 /* ViewController.m */; };
		CB8D16052244C90F00242FA1 /* Main.storyboard in Resources */ = {isa = PBXBuildFile; fileRef = CB8D16032244C90F00242FA1 /* Main.storyboard */; };
		CB8D16072244C91100242FA1 /* Assets.xcassets in Resources */ = {isa = PBXBuildFile; fileRef = CB8D16062244C91100242FA1 /* Assets.xcassets */; };
		CB8D160A2244C91100242FA1 /* LaunchScreen.storyboard in Resources */ = {isa = PBXBuildFile; fileRef = CB8D16082244C91100242FA1 /* LaunchScreen.storyboard */; };
		CB8D160D2244C91100242FA1 /* main.m in Sources */ = {isa = PBXBuildFile; fileRef = CB8D160C2244C91100242FA1 /* main.m */; };
		CB8D16142244CF7B00242FA1 /* MyClass.swift in Sources */ = {isa = PBXBuildFile; fileRef = CB8D16132244CF7B00242FA1 /* MyClass.swift */; };
		CB8D16182244CFE700242FA1 /* ExampleClass.m in Sources */ = {isa = PBXBuildFile; fileRef = CB8D16172244CFE700242FA1 /* ExampleClass.m */; };
/* End PBXBuildFile section */

/* Begin PBXFileReference section */
		CB8D15FA2244C90F00242FA1 /* ConferenceTestApp.app */ = {isa = PBXFileReference; explicitFileType = wrapper.application; includeInIndex = 0; path = ConferenceTestApp.app; sourceTree = BUILT_PRODUCTS_DIR; };
		CB8D15FD2244C90F00242FA1 /* AppDelegate.h */ = {isa = PBXFileReference; lastKnownFileType = sourcecode.c.h; path = AppDelegate.h; sourceTree = "<group>"; };
		CB8D15FE2244C90F00242FA1 /* AppDelegate.m */ = {isa = PBXFileReference; lastKnownFileType = sourcecode.c.objc; path = AppDelegate.m; sourceTree = "<group>"; };
		CB8D16002244C90F00242FA1 /* ViewController.h */ = {isa = PBXFileReference; lastKnownFileType = sourcecode.c.h; path = ViewController.h; sourceTree = "<group>"; };
		CB8D16012244C90F00242FA1 /* ViewController.m */ = {isa = PBXFileReference; lastKnownFileType = sourcecode.c.objc; path = ViewController.m; sourceTree = "<group>"; };
		CB8D16042244C90F00242FA1 /* Base */ = {isa = PBXFileReference; lastKnownFileType = file.storyboard; name = Base; path = Base.lproj/Main.storyboard; sourceTree = "<group>"; };
		CB8D16062244C91100242FA1 /* Assets.xcassets */ = {isa = PBXFileReference; lastKnownFileType = folder.assetcatalog; path = Assets.xcassets; sourceTree = "<group>"; };
		CB8D16092244C91100242FA1 /* Base */ = {isa = PBXFileReference; lastKnownFileType = file.storyboard; name = Base; path = Base.lproj/LaunchScreen.storyboard; sourceTree = "<group>"; };
		CB8D160B2244C91100242FA1 /* Info.plist */ = {isa = PBXFileReference; lastKnownFileType = text.plist.xml; path = Info.plist; sourceTree = "<group>"; };
		CB8D160C2244C91100242FA1 /* main.m */ = {isa = PBXFileReference; lastKnownFileType = sourcecode.c.objc; path = main.m; sourceTree = "<group>"; };
		CB8D16132244CF7B00242FA1 /* MyClass.swift */ = {isa = PBXFileReference; lastKnownFileType = sourcecode.swift; path = MyClass.swift; sourceTree = "<group>"; };
		CB8D16162244CFE700242FA1 /* ExampleClass.h */ = {isa = PBXFileReference; lastKnownFileType = sourcecode.c.h; path = ExampleClass.h; sourceTree = "<group>"; };
		CB8D16172244CFE700242FA1 /* ExampleClass.m */ = {isa = PBXFileReference; lastKnownFileType = sourcecode.c.objc; path = ExampleClass.m; sourceTree = "<group>"; };
		CB8D16192244D06300242FA1 /* ConferenceApp-BridgingHeader.h */ = {isa = PBXFileReference; lastKnownFileType = sourcecode.c.h; path = "ConferenceApp-BridgingHeader.h"; sourceTree = "<group>"; };
/* End PBXFileReference section */

/* Begin PBXFrameworksBuildPhase section */
		CB8D15F72244C90F00242FA1 /* Frameworks */ = {
			isa = PBXFrameworksBuildPhase;
			buildActionMask = 2147483647;
			files = (
			);
			runOnlyForDeploymentPostprocessing = 0;
		};
/* End PBXFrameworksBuildPhase section */

/* Begin PBXGroup section */
		CB8D15F12244C90F00242FA1 = {
			isa = PBXGroup;
			children = (
				CB8D15FC2244C90F00242FA1 /* ConferenceTestApp */,
				CB8D15FB2244C90F00242FA1 /* Products */,
			);
			sourceTree = "<group>";
		};
		CB8D15FB2244C90F00242FA1 /* Products */ = {
			isa = PBXGroup;
			children = (
				CB8D15FA2244C90F00242FA1 /* ConferenceTestApp.app */,
			);
			name = Products;
			sourceTree = "<group>";
		};
		CB8D15FC2244C90F00242FA1 /* ConferenceTestApp */ = {
			isa = PBXGroup;
			children = (
				CB8D15FD2244C90F00242FA1 /* AppDelegate.h */,
				CB8D15FE2244C90F00242FA1 /* AppDelegate.m */,
				CB8D16002244C90F00242FA1 /* ViewController.h */,
				CB8D16012244C90F00242FA1 /* ViewController.m */,
				CB8D16032244C90F00242FA1 /* Main.storyboard */,
				CB8D16062244C91100242FA1 /* Assets.xcassets */,
				CB8D16082244C91100242FA1 /* LaunchScreen.storyboard */,
				CB8D160B2244C91100242FA1 /* Info.plist */,
				CB8D160C2244C91100242FA1 /* main.m */,
				CB8D16132244CF7B00242FA1 /* MyClass.swift */,
				CB8D16162244CFE700242FA1 /* ExampleClass.h */,
				CB8D16172244CFE700242FA1 /* ExampleClass.m */,
				CB8D16192244D06300242FA1 /* ConferenceApp-BridgingHeader.h */,
			);
			path = ConferenceTestApp;
			sourceTree = "<group>";
		};
/* End PBXGroup section */

/* Begin PBXNativeTarget section */
		CB8D15F92244C90F00242FA1 /* ConferenceTestApp */ = {
			isa = PBXNativeTarget;
			buildConfigurationList = CB8D16102244C91100242FA1 /* Build configuration list for PBXNativeTarget "ConferenceTestApp" */;
			buildPhases = (
				CB8D15F62244C90F00242FA1 /* Sources */,
				CB8D15F72244C90F00242FA1 /* Frameworks */,
				CB8D15F82244C90F00242FA1 /* Resources */,
			);
			buildRules = (
			);
			dependencies = (
			);
			name = ConferenceTestApp;
			productName = ConferenceTestApp;
			productReference = CB8D15FA2244C90F00242FA1 /* ConferenceTestApp.app */;
			productType = "com.apple.product-type.application";
		};
/* End PBXNativeTarget section */

/* Begin PBXProject section */
		CB8D15F22244C90F00242FA1 /* Project object */ = {
			isa = PBXProject;
			attributes = {
				LastUpgradeCheck = 1010;
				TargetAttributes = {
					CB8D15F92244C90F00242FA1 = {
						CreatedOnToolsVersion = 10.1;
						LastSwiftMigration = 1010;
					};
				};
			};
			buildConfigurationList = CB8D15F52244C90F00242FA1 /* Build configuration list for PBXProject "ConferenceTestApp" */;
			compatibilityVersion = "Xcode 9.3";
			developmentRegion = en;
			hasScannedForEncodings = 0;
			knownRegions = (
				en,
				Base,
			);
			mainGroup = CB8D15F12244C90F00242FA1;
			productRefGroup = CB8D15FB2244C90F00242FA1 /* Products */;
			projectDirPath = "";
			projectRoot = "";
			targets = (
				CB8D15F92244C90F00242FA1 /* ConferenceTestApp */,
			);
		};
/* End PBXProject section */

/* Begin PBXResourcesBuildPhase section */
		CB8D15F82244C90F00242FA1 /* Resources */ = {
			isa = PBXResourcesBuildPhase;
			buildActionMask = 2147483647;
			files = (
				CB8D160A2244C91100242FA1 /* LaunchScreen.storyboard in Resources */,
				CB8D16072244C91100242FA1 /* Assets.xcassets in Resources */,
				CB8D16052244C90F00242FA1 /* Main.storyboard in Resources */,
			);
			runOnlyForDeploymentPostprocessing = 0;
		};
/* End PBXResourcesBuildPhase section */

/* Begin PBXSourcesBuildPhase section */
		CB8D15F62244C90F00242FA1 /* Sources */ = {
			isa = PBXSourcesBuildPhase;
			buildActionMask = 2147483647;
			files = (
				CB8D16142244CF7B00242FA1 /* MyClass.swift in Sources */,
				CB8D16022244C90F00242FA1 /* ViewController.m in Sources */,
				CB8D160D2244C91100242FA1 /* main.m in Sources */,
				CB8D16182244CFE700242FA1 /* ExampleClass.m in Sources */,
				CB8D15FF2244C90F00242FA1 /* AppDelegate.m in Sources */,
			);
			runOnlyForDeploymentPostprocessing = 0;
		};
/* End PBXSourcesBuildPhase section */

/* Begin PBXVariantGroup section */
		CB8D16032244C90F00242FA1 /* Main.storyboard */ = {
			isa = PBXVariantGroup;
			children = (
				CB8D16042244C90F00242FA1 /* Base */,
			);
			name = Main.storyboard;
			sourceTree = "<group>";
		};
		CB8D16082244C91100242FA1 /* LaunchScreen.storyboard */ = {
			isa = PBXVariantGroup;
			children = (
				CB8D16092244C91100242FA1 /* Base */,
			);
			name = LaunchScreen.storyboard;
			sourceTree = "<group>";
		};
/* End PBXVariantGroup section */

/* Begin XCBuildConfiguration section */
		CB8D160E2244C91100242FA1 /* Debug */ = {
			isa = XCBuildConfiguration;
			buildSettings = {
				ALWAYS_SEARCH_USER_PATHS = NO;
				CLANG_ANALYZER_NONNULL = YES;
				CLANG_ANALYZER_NUMBER_OBJECT_CONVERSION = YES_AGGRESSIVE;
				CLANG_CXX_LANGUAGE_STANDARD = "gnu++14";
				CLANG_CXX_LIBRARY = "libc++";
				CLANG_ENABLE_MODULES = YES;
				CLANG_ENABLE_OBJC_ARC = YES;
				CLANG_ENABLE_OBJC_WEAK = YES;
				CLANG_WARN_BLOCK_CAPTURE_AUTORELEASING = YES;
				CLANG_WARN_BOOL_CONVERSION = YES;
				CLANG_WARN_COMMA = YES;
				CLANG_WARN_CONSTANT_CONVERSION = YES;
				CLANG_WARN_DEPRECATED_OBJC_IMPLEMENTATIONS = YES;
				CLANG_WARN_DIRECT_OBJC_ISA_USAGE = YES_ERROR;
				CLANG_WARN_DOCUMENTATION_COMMENTS = YES;
				CLANG_WARN_EMPTY_BODY = YES;
				CLANG_WARN_ENUM_CONVERSION = YES;
				CLANG_WARN_INFINITE_RECURSION = YES;
				CLANG_WARN_INT_CONVERSION = YES;
				CLANG_WARN_NON_LITERAL_NULL_CONVERSION = YES;
				CLANG_WARN_OBJC_IMPLICIT_RETAIN_SELF = YES;
				CLANG_WARN_OBJC_LITERAL_CONVERSION = YES;
				CLANG_WARN_OBJC_ROOT_CLASS = YES_ERROR;
				CLANG_WARN_RANGE_LOOP_ANALYSIS = YES;
				CLANG_WARN_STRICT_PROTOTYPES = YES;
				CLANG_WARN_SUSPICIOUS_MOVE = YES;
				CLANG_WARN_UNGUARDED_AVAILABILITY = YES_AGGRESSIVE;
				CLANG_WARN_UNREACHABLE_CODE = YES;
				CLANG_WARN__DUPLICATE_METHOD_MATCH = YES;
				CODE_SIGN_IDENTITY = "iPhone Developer";
				COPY_PHASE_STRIP = NO;
				DEBUG_INFORMATION_FORMAT = dwarf;
				ENABLE_STRICT_OBJC_MSGSEND = YES;
				ENABLE_TESTABILITY = YES;
				GCC_C_LANGUAGE_STANDARD = gnu11;
				GCC_DYNAMIC_NO_PIC = NO;
				GCC_NO_COMMON_BLOCKS = YES;
				GCC_OPTIMIZATION_LEVEL = 0;
				GCC_PREPROCESSOR_DEFINITIONS = (
					"DEBUG=1",
					"$(inherited)",
				);
				GCC_WARN_64_TO_32_BIT_CONVERSION = YES;
				GCC_WARN_ABOUT_RETURN_TYPE = YES_ERROR;
				GCC_WARN_UNDECLARED_SELECTOR = YES;
				GCC_WARN_UNINITIALIZED_AUTOS = YES_AGGRESSIVE;
				GCC_WARN_UNUSED_FUNCTION = YES;
				GCC_WARN_UNUSED_VARIABLE = YES;
				IPHONEOS_DEPLOYMENT_TARGET = 12.1;
				MTL_ENABLE_DEBUG_INFO = INCLUDE_SOURCE;
				MTL_FAST_MATH = YES;
				ONLY_ACTIVE_ARCH = YES;
				SDKROOT = iphoneos;
			};
			name = Debug;
		};
		CB8D160F2244C91100242FA1 /* Release */ = {
			isa = XCBuildConfiguration;
			buildSettings = {
				ALWAYS_SEARCH_USER_PATHS = NO;
				CLANG_ANALYZER_NONNULL = YES;
				CLANG_ANALYZER_NUMBER_OBJECT_CONVERSION = YES_AGGRESSIVE;
				CLANG_CXX_LANGUAGE_STANDARD = "gnu++14";
				CLANG_CXX_LIBRARY = "libc++";
				CLANG_ENABLE_MODULES = YES;
				CLANG_ENABLE_OBJC_ARC = YES;
				CLANG_ENABLE_OBJC_WEAK = YES;
				CLANG_WARN_BLOCK_CAPTURE_AUTORELEASING = YES;
				CLANG_WARN_BOOL_CONVERSION = YES;
				CLANG_WARN_COMMA = YES;
				CLANG_WARN_CONSTANT_CONVERSION = YES;
				CLANG_WARN_DEPRECATED_OBJC_IMPLEMENTATIONS = YES;
				CLANG_WARN_DIRECT_OBJC_ISA_USAGE = YES_ERROR;
				CLANG_WARN_DOCUMENTATION_COMMENTS = YES;
				CLANG_WARN_EMPTY_BODY = YES;
				CLANG_WARN_ENUM_CONVERSION = YES;
				CLANG_WARN_INFINITE_RECURSION = YES;
				CLANG_WARN_INT_CONVERSION = YES;
				CLANG_WARN_NON_LITERAL_NULL_CONVERSION = YES;
				CLANG_WARN_OBJC_IMPLICIT_RETAIN_SELF = YES;
				CLANG_WARN_OBJC_LITERAL_CONVERSION = YES;
				CLANG_WARN_OBJC_ROOT_CLASS = YES_ERROR;
				CLANG_WARN_RANGE_LOOP_ANALYSIS = YES;
				CLANG_WARN_STRICT_PROTOTYPES = YES;
				CLANG_WARN_SUSPICIOUS_MOVE = YES;
				CLANG_WARN_UNGUARDED_AVAILABILITY = YES_AGGRESSIVE;
				CLANG_WARN_UNREACHABLE_CODE = YES;
				CLANG_WARN__DUPLICATE_METHOD_MATCH = YES;
				CODE_SIGN_IDENTITY = "iPhone Developer";
				COPY_PHASE_STRIP = NO;
				DEBUG_INFORMATION_FORMAT = "dwarf-with-dsym";
				ENABLE_NS_ASSERTIONS = NO;
				ENABLE_STRICT_OBJC_MSGSEND = YES;
				GCC_C_LANGUAGE_STANDARD = gnu11;
				GCC_NO_COMMON_BLOCKS = YES;
				GCC_WARN_64_TO_32_BIT_CONVERSION = YES;
				GCC_WARN_ABOUT_RETURN_TYPE = YES_ERROR;
				GCC_WARN_UNDECLARED_SELECTOR = YES;
				GCC_WARN_UNINITIALIZED_AUTOS = YES_AGGRESSIVE;
				GCC_WARN_UNUSED_FUNCTION = YES;
				GCC_WARN_UNUSED_VARIABLE = YES;
				IPHONEOS_DEPLOYMENT_TARGET = 12.1;
				MTL_ENABLE_DEBUG_INFO = NO;
				MTL_FAST_MATH = YES;
				SDKROOT = iphoneos;
				VALIDATE_PRODUCT = YES;
			};
			name = Release;
		};
		CB8D16112244C91100242FA1 /* Debug */ = {
			isa = XCBuildConfiguration;
			buildSettings = {
				ASSETCATALOG_COMPILER_APPICON_NAME = AppIcon;
				CLANG_ENABLE_MODULES = YES;
				CODE_SIGN_STYLE = Automatic;
				DEVELOPMENT_TEAM = UPJFP8HGKX;
				INFOPLIST_FILE = ConferenceTestApp/Info.plist;
				LD_RUNPATH_SEARCH_PATHS = (
					"$(inherited)",
					"@executable_path/Frameworks",
				);
				PRODUCT_BUNDLE_IDENTIFIER = test.ConferenceTestApp;
				PRODUCT_NAME = "$(TARGET_NAME)";
				SWIFT_OBJC_BRIDGING_HEADER = "$(PROJECT_DIR)/ConferenceTestApp/ConferenceApp-BridgingHeader.h";
				SWIFT_OPTIMIZATION_LEVEL = "-Onone";
				SWIFT_VERSION = 4.2;
				TARGETED_DEVICE_FAMILY = "1,2";
			};
			name = Debug;
		};
		CB8D16122244C91100242FA1 /* Release */ = {
			isa = XCBuildConfiguration;
			buildSettings = {
				ASSETCATALOG_COMPILER_APPICON_NAME = AppIcon;
				CLANG_ENABLE_MODULES = YES;
				CODE_SIGN_STYLE = Automatic;
				DEVELOPMENT_TEAM = UPJFP8HGKX;
				INFOPLIST_FILE = ConferenceTestApp/Info.plist;
				LD_RUNPATH_SEARCH_PATHS = (
					"$(inherited)",
					"@executable_path/Frameworks",
				);
				PRODUCT_BUNDLE_IDENTIFIER = test.ConferenceTestApp;
				PRODUCT_NAME = "$(TARGET_NAME)";
				SWIFT_OBJC_BRIDGING_HEADER = "$(PROJECT_DIR)/ConferenceTestApp/ConferenceApp-BridgingHeader.h";
				SWIFT_VERSION = 4.2;
				TARGETED_DEVICE_FAMILY = "1,2";
			};
			name = Release;
		};
/* End XCBuildConfiguration section */

/* Begin XCConfigurationList section */
		CB8D15F52244C90F00242FA1 /* Build configuration list for PBXProject "ConferenceTestApp" */ = {
			isa = XCConfigurationList;
			buildConfigurations = (
				CB8D160E2244C91100242FA1 /* Debug */,
				CB8D160F2244C91100242FA1 /* Release */,
			);
			defaultConfigurationIsVisible = 0;
			defaultConfigurationName = Release;
		};
		CB8D16102244C91100242FA1 /* Build configuration list for PBXNativeTarget "ConferenceTestApp" */ = {
			isa = XCConfigurationList;
			buildConfigurations = (
				CB8D16112244C91100242FA1 /* Debug */,
				CB8D16122244C91100242FA1 /* Release */,
			);
			defaultConfigurationIsVisible = 0;
			defaultConfigurationName = Release;
		};
/* End XCConfigurationList section */
	};
	rootObject = CB8D15F22244C90F00242FA1 /* Project object */;
}
